// !$*UTF8*$!
{
	archiveVersion = 1;
	classes = {
	};
	objectVersion = 46;
	objects = {

/* Begin PBXBuildFile section */
		445B80751AE61A2900CAAC18 /* main.m in Sources */ = {isa = PBXBuildFile; fileRef = 445B80741AE61A2900CAAC18 /* main.m */; };
		445B80781AE61A2900CAAC18 /* AppDelegate.m in Sources */ = {isa = PBXBuildFile; fileRef = 445B80771AE61A2900CAAC18 /* AppDelegate.m */; };
		445B807B1AE61A2900CAAC18 /* ViewController.m in Sources */ = {isa = PBXBuildFile; fileRef = 445B807A1AE61A2900CAAC18 /* ViewController.m */; };
		445B807E1AE61A2900CAAC18 /* Main.storyboard in Resources */ = {isa = PBXBuildFile; fileRef = 445B807C1AE61A2900CAAC18 /* Main.storyboard */; };
		445B80801AE61A2900CAAC18 /* Images.xcassets in Resources */ = {isa = PBXBuildFile; fileRef = 445B807F1AE61A2900CAAC18 /* Images.xcassets */; };
		445B80831AE61A2900CAAC18 /* LaunchScreen.xib in Resources */ = {isa = PBXBuildFile; fileRef = 445B80811AE61A2900CAAC18 /* LaunchScreen.xib */; };
		445B808F1AE61A2900CAAC18 /* menutestTests.m in Sources */ = {isa = PBXBuildFile; fileRef = 445B808E1AE61A2900CAAC18 /* menutestTests.m */; };
/* End PBXBuildFile section */

/* Begin PBXContainerItemProxy section */
		445B80891AE61A2900CAAC18 /* PBXContainerItemProxy */ = {
			isa = PBXContainerItemProxy;
			containerPortal = 445B80671AE61A2900CAAC18 /* Project object */;
			proxyType = 1;
			remoteGlobalIDString = 445B806E1AE61A2900CAAC18;
			remoteInfo = menutest;
		};
/* End PBXContainerItemProxy section */

/* Begin PBXFileReference section */
		445B806F1AE61A2900CAAC18 /* menutest.app */ = {isa = PBXFileReference; explicitFileType = wrapper.application; includeInIndex = 0; path = menutest.app; sourceTree = BUILT_PRODUCTS_DIR; };
		445B80731AE61A2900CAAC18 /* Info.plist */ = {isa = PBXFileReference; lastKnownFileType = text.plist.xml; path = Info.plist; sourceTree = "<group>"; };
		445B80741AE61A2900CAAC18 /* main.m */ = {isa = PBXFileReference; lastKnownFileType = sourcecode.c.objc; path = main.m; sourceTree = "<group>"; };
		445B80761AE61A2900CAAC18 /* AppDelegate.h */ = {isa = PBXFileReference; lastKnownFileType = sourcecode.c.h; path = AppDelegate.h; sourceTree = "<group>"; };
		445B80771AE61A2900CAAC18 /* AppDelegate.m */ = {isa = PBXFileReference; lastKnownFileType = sourcecode.c.objc; path = AppDelegate.m; sourceTree = "<group>"; };
		445B80791AE61A2900CAAC18 /* ViewController.h */ = {isa = PBXFileReference; lastKnownFileType = sourcecode.c.h; path = ViewController.h; sourceTree = "<group>"; };
		445B807A1AE61A2900CAAC18 /* ViewController.m */ = {isa = PBXFileReference; lastKnownFileType = sourcecode.c.objc; path = ViewController.m; sourceTree = "<group>"; };
		445B807D1AE61A2900CAAC18 /* Base */ = {isa = PBXFileReference; lastKnownFileType = file.storyboard; name = Base; path = Base.lproj/Main.storyboard; sourceTree = "<group>"; };
		445B807F1AE61A2900CAAC18 /* Images.xcassets */ = {isa = PBXFileReference; lastKnownFileType = folder.assetcatalog; path = Images.xcassets; sourceTree = "<group>"; };
		445B80821AE61A2900CAAC18 /* Base */ = {isa = PBXFileReference; lastKnownFileType = file.xib; name = Base; path = Base.lproj/LaunchScreen.xib; sourceTree = "<group>"; };
		445B80881AE61A2900CAAC18 /* menutestTests.xctest */ = {isa = PBXFileReference; explicitFileType = wrapper.cfbundle; includeInIndex = 0; path = menutestTests.xctest; sourceTree = BUILT_PRODUCTS_DIR; };
		445B808D1AE61A2900CAAC18 /* Info.plist */ = {isa = PBXFileReference; lastKnownFileType = text.plist.xml; path = Info.plist; sourceTree = "<group>"; };
		445B808E1AE61A2900CAAC18 /* menutestTests.m */ = {isa = PBXFileReference; lastKnownFileType = sourcecode.c.objc; path = menutestTests.m; sourceTree = "<group>"; };
/* End PBXFileReference section */

/* Begin PBXFrameworksBuildPhase section */
		445B806C1AE61A2900CAAC18 /* Frameworks */ = {
			isa = PBXFrameworksBuildPhase;
			buildActionMask = 2147483647;
			files = (
			);
			runOnlyForDeploymentPostprocessing = 0;
		};
		445B80851AE61A2900CAAC18 /* Frameworks */ = {
			isa = PBXFrameworksBuildPhase;
			buildActionMask = 2147483647;
			files = (
			);
			runOnlyForDeploymentPostprocessing = 0;
		};
/* End PBXFrameworksBuildPhase section */

/* Begin PBXGroup section */
		445B80661AE61A2900CAAC18 = {
			isa = PBXGroup;
			children = (
				445B80711AE61A2900CAAC18 /* menutest */,
				445B808B1AE61A2900CAAC18 /* menutestTests */,
				445B80701AE61A2900CAAC18 /* Products */,
			);
			sourceTree = "<group>";
		};
		445B80701AE61A2900CAAC18 /* Products */ = {
			isa = PBXGroup;
			children = (
				445B806F1AE61A2900CAAC18 /* menutest.app */,
				445B80881AE61A2900CAAC18 /* menutestTests.xctest */,
			);
			name = Products;
			sourceTree = "<group>";
		};
		445B80711AE61A2900CAAC18 /* menutest */ = {
			isa = PBXGroup;
			children = (
				445B80761AE61A2900CAAC18 /* AppDelegate.h */,
				445B80771AE61A2900CAAC18 /* AppDelegate.m */,
				445B80791AE61A2900CAAC18 /* ViewController.h */,
				445B807A1AE61A2900CAAC18 /* ViewController.m */,
				445B807C1AE61A2900CAAC18 /* Main.storyboard */,
				445B807F1AE61A2900CAAC18 /* Images.xcassets */,
				445B80811AE61A2900CAAC18 /* LaunchScreen.xib */,
				445B80721AE61A2900CAAC18 /* Supporting Files */,
			);
			path = menutest;
			sourceTree = "<group>";
		};
		445B80721AE61A2900CAAC18 /* Supporting Files */ = {
			isa = PBXGroup;
			children = (
				445B80731AE61A2900CAAC18 /* Info.plist */,
				445B80741AE61A2900CAAC18 /* main.m */,
			);
			name = "Supporting Files";
			sourceTree = "<group>";
		};
		445B808B1AE61A2900CAAC18 /* menutestTests */ = {
			isa = PBXGroup;
			children = (
				445B808E1AE61A2900CAAC18 /* menutestTests.m */,
				445B808C1AE61A2900CAAC18 /* Supporting Files */,
			);
			path = menutestTests;
			sourceTree = "<group>";
		};
		445B808C1AE61A2900CAAC18 /* Supporting Files */ = {
			isa = PBXGroup;
			children = (
				445B808D1AE61A2900CAAC18 /* Info.plist */,
			);
			name = "Supporting Files";
			sourceTree = "<group>";
		};
/* End PBXGroup section */

/* Begin PBXNativeTarget section */
		445B806E1AE61A2900CAAC18 /* menutest */ = {
			isa = PBXNativeTarget;
			buildConfigurationList = 445B80921AE61A2900CAAC18 /* Build configuration list for PBXNativeTarget "menutest" */;
			buildPhases = (
				445B806B1AE61A2900CAAC18 /* Sources */,
				445B806C1AE61A2900CAAC18 /* Frameworks */,
				445B806D1AE61A2900CAAC18 /* Resources */,
			);
			buildRules = (
			);
			dependencies = (
			);
			name = menutest;
			productName = menutest;
			productReference = 445B806F1AE61A2900CAAC18 /* menutest.app */;
			productType = "com.apple.product-type.application";
		};
		445B80871AE61A2900CAAC18 /* menutestTests */ = {
			isa = PBXNativeTarget;
			buildConfigurationList = 445B80951AE61A2900CAAC18 /* Build configuration list for PBXNativeTarget "menutestTests" */;
			buildPhases = (
				445B80841AE61A2900CAAC18 /* Sources */,
				445B80851AE61A2900CAAC18 /* Frameworks */,
				445B80861AE61A2900CAAC18 /* Resources */,
			);
			buildRules = (
			);
			dependencies = (
				445B808A1AE61A2900CAAC18 /* PBXTargetDependency */,
			);
			name = menutestTests;
			productName = menutestTests;
			productReference = 445B80881AE61A2900CAAC18 /* menutestTests.xctest */;
			productType = "com.apple.product-type.bundle.unit-test";
		};
/* End PBXNativeTarget section */

/* Begin PBXProject section */
		445B80671AE61A2900CAAC18 /* Project object */ = {
			isa = PBXProject;
			attributes = {
				LastUpgradeCheck = 0630;
				ORGANIZATIONNAME = ltst;
				TargetAttributes = {
					445B806E1AE61A2900CAAC18 = {
						CreatedOnToolsVersion = 6.3;
					};
					445B80871AE61A2900CAAC18 = {
						CreatedOnToolsVersion = 6.3;
						TestTargetID = 445B806E1AE61A2900CAAC18;
					};
				};
			};
			buildConfigurationList = 445B806A1AE61A2900CAAC18 /* Build configuration list for PBXProject "menutest" */;
			compatibilityVersion = "Xcode 3.2";
			developmentRegion = English;
			hasScannedForEncodings = 0;
			knownRegions = (
				en,
				Base,
			);
			mainGroup = 445B80661AE61A2900CAAC18;
			productRefGroup = 445B80701AE61A2900CAAC18 /* Products */;
			projectDirPath = "";
			projectRoot = "";
			targets = (
				445B806E1AE61A2900CAAC18 /* menutest */,
				445B80871AE61A2900CAAC18 /* menutestTests */,
			);
		};
/* End PBXProject section */

/* Begin PBXResourcesBuildPhase section */
		445B806D1AE61A2900CAAC18 /* Resources */ = {
			isa = PBXResourcesBuildPhase;
			buildActionMask = 2147483647;
			files = (
				445B807E1AE61A2900CAAC18 /* Main.storyboard in Resources */,
				445B80831AE61A2900CAAC18 /* LaunchScreen.xib in Resources */,
				445B80801AE61A2900CAAC18 /* Images.xcassets in Resources */,
			);
			runOnlyForDeploymentPostprocessing = 0;
		};
		445B80861AE61A2900CAAC18 /* Resources */ = {
			isa = PBXResourcesBuildPhase;
			buildActionMask = 2147483647;
			files = (
			);
			runOnlyForDeploymentPostprocessing = 0;
		};
/* End PBXResourcesBuildPhase section */

/* Begin PBXSourcesBuildPhase section */
		445B806B1AE61A2900CAAC18 /* Sources */ = {
			isa = PBXSourcesBuildPhase;
			buildActionMask = 2147483647;
			files = (
				445B807B1AE61A2900CAAC18 /* ViewController.m in Sources */,
				445B80781AE61A2900CAAC18 /* AppDelegate.m in Sources */,
				445B80751AE61A2900CAAC18 /* main.m in Sources */,
			);
			runOnlyForDeploymentPostprocessing = 0;
		};
		445B80841AE61A2900CAAC18 /* Sources */ = {
			isa = PBXSourcesBuildPhase;
			buildActionMask = 2147483647;
			files = (
				445B808F1AE61A2900CAAC18 /* menutestTests.m in Sources */,
			);
			runOnlyForDeploymentPostprocessing = 0;
		};
/* End PBXSourcesBuildPhase section */

/* Begin PBXTargetDependency section */
		445B808A1AE61A2900CAAC18 /* PBXTargetDependency */ = {
			isa = PBXTargetDependency;
			target = 445B806E1AE61A2900CAAC18 /* menutest */;
			targetProxy = 445B80891AE61A2900CAAC18 /* PBXContainerItemProxy */;
		};
/* End PBXTargetDependency section */

/* Begin PBXVariantGroup section */
		445B807C1AE61A2900CAAC18 /* Main.storyboard */ = {
			isa = PBXVariantGroup;
			children = (
				445B807D1AE61A2900CAAC18 /* Base */,
			);
			name = Main.storyboard;
			sourceTree = "<group>";
		};
		445B80811AE61A2900CAAC18 /* LaunchScreen.xib */ = {
			isa = PBXVariantGroup;
			children = (
				445B80821AE61A2900CAAC18 /* Base */,
			);
			name = LaunchScreen.xib;
			sourceTree = "<group>";
		};
/* End PBXVariantGroup section */

/* Begin XCBuildConfiguration section */
		445B80901AE61A2900CAAC18 /* Debug */ = {
			isa = XCBuildConfiguration;
			buildSettings = {
				ALWAYS_SEARCH_USER_PATHS = NO;
				CLANG_CXX_LANGUAGE_STANDARD = "gnu++0x";
				CLANG_CXX_LIBRARY = "libc++";
				CLANG_ENABLE_MODULES = YES;
				CLANG_ENABLE_OBJC_ARC = YES;
				CLANG_WARN_BOOL_CONVERSION = YES;
				CLANG_WARN_CONSTANT_CONVERSION = YES;
				CLANG_WARN_DIRECT_OBJC_ISA_USAGE = YES_ERROR;
				CLANG_WARN_EMPTY_BODY = YES;
				CLANG_WARN_ENUM_CONVERSION = YES;
				CLANG_WARN_INT_CONVERSION = YES;
				CLANG_WARN_OBJC_ROOT_CLASS = YES_ERROR;
				CLANG_WARN_UNREACHABLE_CODE = YES;
				CLANG_WARN__DUPLICATE_METHOD_MATCH = YES;
				"CODE_SIGN_IDENTITY[sdk=iphoneos*]" = "iPhone Developer";
				COPY_PHASE_STRIP = NO;
				DEBUG_INFORMATION_FORMAT = "dwarf-with-dsym";
				ENABLE_STRICT_OBJC_MSGSEND = YES;
				GCC_C_LANGUAGE_STANDARD = gnu99;
				GCC_DYNAMIC_NO_PIC = NO;
				GCC_NO_COMMON_BLOCKS = YES;
				GCC_OPTIMIZATION_LEVEL = 0;
				GCC_PREPROCESSOR_DEFINITIONS = (
					"DEBUG=1",
					"$(inherited)",
				);
				GCC_SYMBOLS_PRIVATE_EXTERN = NO;
				GCC_WARN_64_TO_32_BIT_CONVERSION = YES;
				GCC_WARN_ABOUT_RETURN_TYPE = YES_ERROR;
				GCC_WARN_UNDECLARED_SELECTOR = YES;
				GCC_WARN_UNINITIALIZED_AUTOS = YES_AGGRESSIVE;
				GCC_WARN_UNUSED_FUNCTION = YES;
				GCC_WARN_UNUSED_VARIABLE = YES;
				IPHONEOS_DEPLOYMENT_TARGET = 8.3;
				MTL_ENABLE_DEBUG_INFO = YES;
				ONLY_ACTIVE_ARCH = YES;
				SDKROOT = iphoneos;
				TARGETED_DEVICE_FAMILY = "1,2";
			};
			name = Debug;
		};
		445B80911AE61A2900CAAC18 /* Release */ = {
			isa = XCBuildConfiguration;
			buildSettings = {
				ALWAYS_SEARCH_USER_PATHS = NO;
				CLANG_CXX_LANGUAGE_STANDARD = "gnu++0x";
				CLANG_CXX_LIBRARY = "libc++";
				CLANG_ENABLE_MODULES = YES;
				CLANG_ENABLE_OBJC_ARC = YES;
				CLANG_WARN_BOOL_CONVERSION = YES;
				CLANG_WARN_CONSTANT_CONVERSION = YES;
				CLANG_WARN_DIRECT_OBJC_ISA_USAGE = YES_ERROR;
				CLANG_WARN_EMPTY_BODY = YES;
				CLANG_WARN_ENUM_CONVERSION = YES;
				CLANG_WARN_INT_CONVERSION = YES;
				CLANG_WARN_OBJC_ROOT_CLASS = YES_ERROR;
				CLANG_WARN_UNREACHABLE_CODE = YES;
				CLANG_WARN__DUPLICATE_METHOD_MATCH = YES;
				"CODE_SIGN_IDENTITY[sdk=iphoneos*]" = "iPhone Developer";
				COPY_PHASE_STRIP = NO;
				DEBUG_INFORMATION_FORMAT = "dwarf-with-dsym";
				ENABLE_NS_ASSERTIONS = NO;
				ENABLE_STRICT_OBJC_MSGSEND = YES;
				GCC_C_LANGUAGE_STANDARD = gnu99;
				GCC_NO_COMMON_BLOCKS = YES;
				GCC_WARN_64_TO_32_BIT_CONVERSION = YES;
				GCC_WARN_ABOUT_RETURN_TYPE = YES_ERROR;
				GCC_WARN_UNDECLARED_SELECTOR = YES;
				GCC_WARN_UNINITIALIZED_AUTOS = YES_AGGRESSIVE;
				GCC_WARN_UNUSED_FUNCTION = YES;
				GCC_WARN_UNUSED_VARIABLE = YES;
				IPHONEOS_DEPLOYMENT_TARGET = 8.3;
				MTL_ENABLE_DEBUG_INFO = NO;
				SDKROOT = iphoneos;
				TARGETED_DEVICE_FAMILY = "1,2";
				VALIDATE_PRODUCT = YES;
			};
			name = Release;
		};
		445B80931AE61A2900CAAC18 /* Debug */ = {
			isa = XCBuildConfiguration;
			buildSettings = {
				ASSETCATALOG_COMPILER_APPICON_NAME = AppIcon;
				INFOPLIST_FILE = menutest/Info.plist;
				LD_RUNPATH_SEARCH_PATHS = "$(inherited) @executable_path/Frameworks";
				PRODUCT_NAME = "$(TARGET_NAME)";
			};
			name = Debug;
		};
		445B80941AE61A2900CAAC18 /* Release */ = {
			isa = XCBuildConfiguration;
			buildSettings = {
				ASSETCATALOG_COMPILER_APPICON_NAME = AppIcon;
				INFOPLIST_FILE = menutest/Info.plist;
				LD_RUNPATH_SEARCH_PATHS = "$(inherited) @executable_path/Frameworks";
				PRODUCT_NAME = "$(TARGET_NAME)";
			};
			name = Release;
		};
		445B80961AE61A2900CAAC18 /* Debug */ = {
			isa = XCBuildConfiguration;
			buildSettings = {
				BUNDLE_LOADER = "$(TEST_HOST)";
				FRAMEWORK_SEARCH_PATHS = (
					"$(SDKROOT)/Developer/Library/Frameworks",
					"$(inherited)",
				);
				GCC_PREPROCESSOR_DEFINITIONS = (
					"DEBUG=1",
					"$(inherited)",
				);
				INFOPLIST_FILE = menutestTests/Info.plist;
				LD_RUNPATH_SEARCH_PATHS = "$(inherited) @executable_path/Frameworks @loader_path/Frameworks";
				PRODUCT_NAME = "$(TARGET_NAME)";
				TEST_HOST = "$(BUILT_PRODUCTS_DIR)/menutest.app/menutest";
			};
			name = Debug;
		};
		445B80971AE61A2900CAAC18 /* Release */ = {
			isa = XCBuildConfiguration;
			buildSettings = {
				BUNDLE_LOADER = "$(TEST_HOST)";
				FRAMEWORK_SEARCH_PATHS = (
					"$(SDKROOT)/Developer/Library/Frameworks",
					"$(inherited)",
				);
				INFOPLIST_FILE = menutestTests/Info.plist;
				LD_RUNPATH_SEARCH_PATHS = "$(inherited) @executable_path/Frameworks @loader_path/Frameworks";
				PRODUCT_NAME = "$(TARGET_NAME)";
				TEST_HOST = "$(BUILT_PRODUCTS_DIR)/menutest.app/menutest";
			};
			name = Release;
		};
/* End XCBuildConfiguration section */

/* Begin XCConfigurationList section */
		445B806A1AE61A2900CAAC18 /* Build configuration list for PBXProject "menutest" */ = {
			isa = XCConfigurationList;
			buildConfigurations = (
				445B80901AE61A2900CAAC18 /* Debug */,
				445B80911AE61A2900CAAC18 /* Release */,
			);
			defaultConfigurationIsVisible = 0;
			defaultConfigurationName = Release;
		};
		445B80921AE61A2900CAAC18 /* Build configuration list for PBXNativeTarget "menutest" */ = {
			isa = XCConfigurationList;
			buildConfigurations = (
				445B80931AE61A2900CAAC18 /* Debug */,
				445B80941AE61A2900CAAC18 /* Release */,
			);
			defaultConfigurationIsVisible = 0;
		};
		445B80951AE61A2900CAAC18 /* Build configuration list for PBXNativeTarget "menutestTests" */ = {
			isa = XCConfigurationList;
			buildConfigurations = (
				445B80961AE61A2900CAAC18 /* Debug */,
				445B80971AE61A2900CAAC18 /* Release */,
			);
			defaultConfigurationIsVisible = 0;
		};
/* End XCConfigurationList section */
	};
	rootObject = 445B80671AE61A2900CAAC18 /* Project object */;
}
